
Microsoft Visual Studio Solution File, Format Version 12.00
# Visual Studio Version 17
VisualStudioVersion = 17.12.35707.178
MinimumVisualStudioVersion = 10.0.40219.1
Project("{2150E333-8FDC-42A3-9474-1A3956D46DE8}") = "_Global", "_Global", "{B1312A47-5BB8-408F-9C52-D9804D410EFF}"
	ProjectSection(SolutionItems) = preProject
		..\.gitignore = ..\.gitignore
		..\README.md = ..\README.md
	EndProjectSection
EndProject
Project("{FAE04EC0-301F-11D3-BF4B-00C04F79EFBC}") = "FluentAPI.Web.UI", "FluentAPI.Web.UI\FluentAPI.Web.UI.csproj", "{8A5C0869-332E-2DCC-68F4-A08BCBDEB659}"
EndProject
Project("{FAE04EC0-301F-11D3-BF4B-00C04F79EFBC}") = "FluentAPI.AppHost", "FluentAPI.AppHost\FluentAPI.AppHost.csproj", "{985169EE-AE69-9625-D4C9-63B146AC1973}"
EndProject
Project("{FAE04EC0-301F-11D3-BF4B-00C04F79EFBC}") = "FluentAPI.ServiceDefaults", "FluentAPI.ServiceDefaults\FluentAPI.ServiceDefaults.csproj", "{B8FA4A12-A98F-AE2B-6165-25BD6A25B113}"
EndProject
Project("{2150E333-8FDC-42A3-9474-1A3956D46DE8}") = "Aspire", "Aspire", "{02EA681E-C7D8-13C7-8484-4AC65E1B71E8}"
EndProject
Project("{FAE04EC0-301F-11D3-BF4B-00C04F79EFBC}") = "FluentAPI.Domain", "FluentAPI.Domain\FluentAPI.Domain.csproj", "{86C90672-DCC2-4B4E-8D19-CFFEAC807B72}"
EndProject
Project("{FAE04EC0-301F-11D3-BF4B-00C04F79EFBC}") = "FluentAPI.SharedKernel", "FluentAPI.SharedKernel\FluentAPI.SharedKernel.csproj", "{CEBB7437-BF89-4E5C-AAFB-AF6C22FF2A63}"
EndProject
Project("{FAE04EC0-301F-11D3-BF4B-00C04F79EFBC}") = "FluentAPI.Application", "FluentAPI.Application\FluentAPI.Application.csproj", "{39F5764D-0617-4057-A84F-AC9583783A89}"
EndProject
Project("{FAE04EC0-301F-11D3-BF4B-00C04F79EFBC}") = "FluentAPI.Infrastructure", "FluentAPI.Infrastructure\FluentAPI.Infrastructure.csproj", "{505B08EB-A49A-4F21-93FB-7262554CC135}"
EndProject
Project("{2150E333-8FDC-42A3-9474-1A3956D46DE8}") = "Core", "Core", "{2D1060D5-0BE8-4A8F-8EB5-329D73684B72}"
EndProject
Project("{9A19103F-16F7-4668-BE54-9A1E7A4F7556}") = "_build", "..\build\_build.csproj", "{87EDE707-1735-4787-86E2-685D779CBD83}"
EndProject
Global
	GlobalSection(SolutionConfigurationPlatforms) = preSolution
		Debug|Any CPU = Debug|Any CPU
		Release|Any CPU = Release|Any CPU
	EndGlobalSection
	GlobalSection(ProjectConfigurationPlatforms) = postSolution
		{87EDE707-1735-4787-86E2-685D779CBD83}.Debug|Any CPU.ActiveCfg = Debug|Any CPU
		{87EDE707-1735-4787-86E2-685D779CBD83}.Release|Any CPU.ActiveCfg = Release|Any CPU
		{8A5C0869-332E-2DCC-68F4-A08BCBDEB659}.Debug|Any CPU.ActiveCfg = Debug|Any CPU
		{8A5C0869-332E-2DCC-68F4-A08BCBDEB659}.Debug|Any CPU.Build.0 = Debug|Any CPU
		{8A5C0869-332E-2DCC-68F4-A08BCBDEB659}.Release|Any CPU.ActiveCfg = Release|Any CPU
		{8A5C0869-332E-2DCC-68F4-A08BCBDEB659}.Release|Any CPU.Build.0 = Release|Any CPU
		{985169EE-AE69-9625-D4C9-63B146AC1973}.Debug|Any CPU.ActiveCfg = Debug|Any CPU
		{985169EE-AE69-9625-D4C9-63B146AC1973}.Debug|Any CPU.Build.0 = Debug|Any CPU
		{985169EE-AE69-9625-D4C9-63B146AC1973}.Release|Any CPU.ActiveCfg = Release|Any CPU
		{985169EE-AE69-9625-D4C9-63B146AC1973}.Release|Any CPU.Build.0 = Release|Any CPU
		{B8FA4A12-A98F-AE2B-6165-25BD6A25B113}.Debug|Any CPU.ActiveCfg = Debug|Any CPU
		{B8FA4A12-A98F-AE2B-6165-25BD6A25B113}.Debug|Any CPU.Build.0 = Debug|Any CPU
		{B8FA4A12-A98F-AE2B-6165-25BD6A25B113}.Release|Any CPU.ActiveCfg = Release|Any CPU
		{B8FA4A12-A98F-AE2B-6165-25BD6A25B113}.Release|Any CPU.Build.0 = Release|Any CPU
		{86C90672-DCC2-4B4E-8D19-CFFEAC807B72}.Debug|Any CPU.ActiveCfg = Debug|Any CPU
		{86C90672-DCC2-4B4E-8D19-CFFEAC807B72}.Debug|Any CPU.Build.0 = Debug|Any CPU
		{86C90672-DCC2-4B4E-8D19-CFFEAC807B72}.Release|Any CPU.ActiveCfg = Release|Any CPU
		{86C90672-DCC2-4B4E-8D19-CFFEAC807B72}.Release|Any CPU.Build.0 = Release|Any CPU
		{CEBB7437-BF89-4E5C-AAFB-AF6C22FF2A63}.Debug|Any CPU.ActiveCfg = Debug|Any CPU
		{CEBB7437-BF89-4E5C-AAFB-AF6C22FF2A63}.Debug|Any CPU.Build.0 = Debug|Any CPU
		{CEBB7437-BF89-4E5C-AAFB-AF6C22FF2A63}.Release|Any CPU.ActiveCfg = Release|Any CPU
		{CEBB7437-BF89-4E5C-AAFB-AF6C22FF2A63}.Release|Any CPU.Build.0 = Release|Any CPU
		{39F5764D-0617-4057-A84F-AC9583783A89}.Debug|Any CPU.ActiveCfg = Debug|Any CPU
		{39F5764D-0617-4057-A84F-AC9583783A89}.Debug|Any CPU.Build.0 = Debug|Any CPU
		{39F5764D-0617-4057-A84F-AC9583783A89}.Release|Any CPU.ActiveCfg = Release|Any CPU
		{39F5764D-0617-4057-A84F-AC9583783A89}.Release|Any CPU.Build.0 = Release|Any CPU
		{505B08EB-A49A-4F21-93FB-7262554CC135}.Debug|Any CPU.ActiveCfg = Debug|Any CPU
		{505B08EB-A49A-4F21-93FB-7262554CC135}.Debug|Any CPU.Build.0 = Debug|Any CPU
		{505B08EB-A49A-4F21-93FB-7262554CC135}.Release|Any CPU.ActiveCfg = Release|Any CPU
		{505B08EB-A49A-4F21-93FB-7262554CC135}.Release|Any CPU.Build.0 = Release|Any CPU
	EndGlobalSection
	GlobalSection(SolutionProperties) = preSolution
		HideSolutionNode = FALSE
	EndGlobalSection
	GlobalSection(NestedProjects) = preSolution
		{985169EE-AE69-9625-D4C9-63B146AC1973} = {02EA681E-C7D8-13C7-8484-4AC65E1B71E8}
		{B8FA4A12-A98F-AE2B-6165-25BD6A25B113} = {02EA681E-C7D8-13C7-8484-4AC65E1B71E8}
		{86C90672-DCC2-4B4E-8D19-CFFEAC807B72} = {2D1060D5-0BE8-4A8F-8EB5-329D73684B72}
		{CEBB7437-BF89-4E5C-AAFB-AF6C22FF2A63} = {2D1060D5-0BE8-4A8F-8EB5-329D73684B72}
		{39F5764D-0617-4057-A84F-AC9583783A89} = {2D1060D5-0BE8-4A8F-8EB5-329D73684B72}
		{505B08EB-A49A-4F21-93FB-7262554CC135} = {2D1060D5-0BE8-4A8F-8EB5-329D73684B72}
	EndGlobalSection
	GlobalSection(ExtensibilityGlobals) = postSolution
		SolutionGuid = {96917CB2-6DC4-40A5-8467-9C09EE0B5FC2}
	EndGlobalSection
EndGlobal
